
Microsoft Visual Studio Solution File, Format Version 12.00
# Visual Studio 15
Project("{FAE04EC0-301F-11D3-BF4B-00C04F79EFBC}") = "BandOfShapesRE", "Assembly-CSharp.csproj", "{3880A628-FCA9-9368-19B5-B427ABA36394}"
EndProject
Global
	GlobalSection(SolutionConfigurationPlatforms) = preSolution
		Debug|Any CPU = Debug|Any CPU
		Release|Any CPU = Release|Any CPU
	EndGlobalSection
	GlobalSection(ProjectConfigurationPlatforms) = postSolution
		{3880A628-FCA9-9368-19B5-B427ABA36394}.Debug|Any CPU.ActiveCfg = Debug|Any CPU
		{3880A628-FCA9-9368-19B5-B427ABA36394}.Debug|Any CPU.Build.0 = Debug|Any CPU
		{3880A628-FCA9-9368-19B5-B427ABA36394}.Release|Any CPU.ActiveCfg = Release|Any CPU
		{3880A628-FCA9-9368-19B5-B427ABA36394}.Release|Any CPU.Build.0 = Release|Any CPU
	EndGlobalSection
	GlobalSection(SolutionProperties) = preSolution
		HideSolutionNode = FALSE
	EndGlobalSection
EndGlobal
